Microsoft Visual Studio Solution File, Format Version 11.00
# Visual Studio 2008

Project("{BD09AA57-341B-9D1B-78AA-0FA08DD080AB}") = "MidTermTanks", "Assembly-CSharp.csproj", "{9552C403-EC59-FDF1-49A3-B582D7C196CE}"
EndProject
Global
	GlobalSection(SolutionConfigurationPlatforms) = preSolution
		Debug|Any CPU = Debug|Any CPU
		Release|Any CPU = Release|Any CPU
	EndGlobalSection
	GlobalSection(ProjectConfigurationPlatforms) = postSolution
		{9552C403-EC59-FDF1-49A3-B582D7C196CE}.Debug|Any CPU.ActiveCfg = Debug|Any CPU
		{9552C403-EC59-FDF1-49A3-B582D7C196CE}.Debug|Any CPU.Build.0 = Debug|Any CPU
		{9552C403-EC59-FDF1-49A3-B582D7C196CE}.Release|Any CPU.ActiveCfg = Release|Any CPU
		{9552C403-EC59-FDF1-49A3-B582D7C196CE}.Release|Any CPU.Build.0 = Release|Any CPU
	EndGlobalSection
	GlobalSection(SolutionProperties) = preSolution
		HideSolutionNode = FALSE
	EndGlobalSection
	GlobalSection(MonoDevelopProperties) = preSolution
		StartupItem = Assembly-CSharp.csproj
	EndGlobalSection
EndGlobal
